// !$*UTF8*$!
{
	archiveVersion = 1;
	classes = {
	};
	objectVersion = 54;
	objects = {

/* Begin PBXBuildFile section */
		99059C652761E2380044957C /* AppDelegate.swift in Sources */ = {isa = PBXBuildFile; fileRef = 99059C642761E2380044957C /* AppDelegate.swift */; };
		99059C672761E2380044957C /* SceneDelegate.swift in Sources */ = {isa = PBXBuildFile; fileRef = 99059C662761E2380044957C /* SceneDelegate.swift */; };
		99059C692761E2380044957C /* ViewController.swift in Sources */ = {isa = PBXBuildFile; fileRef = 99059C682761E2380044957C /* ViewController.swift */; };
		99059C6C2761E2380044957C /* Main.storyboard in Resources */ = {isa = PBXBuildFile; fileRef = 99059C6A2761E2380044957C /* Main.storyboard */; };
		99059C6E2761E23D0044957C /* Assets.xcassets in Resources */ = {isa = PBXBuildFile; fileRef = 99059C6D2761E23D0044957C /* Assets.xcassets */; };
		99059C712761E23D0044957C /* LaunchScreen.storyboard in Resources */ = {isa = PBXBuildFile; fileRef = 99059C6F2761E23D0044957C /* LaunchScreen.storyboard */; };
		99059C7A2761E8990044957C /* WeatherResult.swift in Sources */ = {isa = PBXBuildFile; fileRef = 99059C792761E8990044957C /* WeatherResult.swift */; };
		C58BEB15BB05D1033C5448DB /* Pods_WeatherApp_RxSwift_RxCocoa.framework in Frameworks */ = {isa = PBXBuildFile; fileRef = 5FB0BCB6DB6BF0B8A56CD11B /* Pods_WeatherApp_RxSwift_RxCocoa.framework */; };
/* End PBXBuildFile section */

/* Begin PBXFileReference section */
		5FB0BCB6DB6BF0B8A56CD11B /* Pods_WeatherApp_RxSwift_RxCocoa.framework */ = {isa = PBXFileReference; explicitFileType = wrapper.framework; includeInIndex = 0; path = Pods_WeatherApp_RxSwift_RxCocoa.framework; sourceTree = BUILT_PRODUCTS_DIR; };
		62296FE0F67510056FC0894A /* Pods-WeatherApp-RxSwift-RxCocoa.release.xcconfig */ = {isa = PBXFileReference; includeInIndex = 1; lastKnownFileType = text.xcconfig; name = "Pods-WeatherApp-RxSwift-RxCocoa.release.xcconfig"; path = "Target Support Files/Pods-WeatherApp-RxSwift-RxCocoa/Pods-WeatherApp-RxSwift-RxCocoa.release.xcconfig"; sourceTree = "<group>"; };
		99059C612761E2380044957C /* WeatherApp-RxSwift-RxCocoa.app */ = {isa = PBXFileReference; explicitFileType = wrapper.application; includeInIndex = 0; path = "WeatherApp-RxSwift-RxCocoa.app"; sourceTree = BUILT_PRODUCTS_DIR; };
		99059C642761E2380044957C /* AppDelegate.swift */ = {isa = PBXFileReference; lastKnownFileType = sourcecode.swift; path = AppDelegate.swift; sourceTree = "<group>"; };
		99059C662761E2380044957C /* SceneDelegate.swift */ = {isa = PBXFileReference; lastKnownFileType = sourcecode.swift; path = SceneDelegate.swift; sourceTree = "<group>"; };
		99059C682761E2380044957C /* ViewController.swift */ = {isa = PBXFileReference; lastKnownFileType = sourcecode.swift; path = ViewController.swift; sourceTree = "<group>"; };
		99059C6B2761E2380044957C /* Base */ = {isa = PBXFileReference; lastKnownFileType = file.storyboard; name = Base; path = Base.lproj/Main.storyboard; sourceTree = "<group>"; };
		99059C6D2761E23D0044957C /* Assets.xcassets */ = {isa = PBXFileReference; lastKnownFileType = folder.assetcatalog; path = Assets.xcassets; sourceTree = "<group>"; };
		99059C702761E23D0044957C /* Base */ = {isa = PBXFileReference; lastKnownFileType = file.storyboard; name = Base; path = Base.lproj/LaunchScreen.storyboard; sourceTree = "<group>"; };
		99059C722761E23D0044957C /* Info.plist */ = {isa = PBXFileReference; lastKnownFileType = text.plist.xml; path = Info.plist; sourceTree = "<group>"; };
		99059C792761E8990044957C /* WeatherResult.swift */ = {isa = PBXFileReference; lastKnownFileType = sourcecode.swift; path = WeatherResult.swift; sourceTree = "<group>"; };
		F6C912571D026E3434F9FF46 /* Pods-WeatherApp-RxSwift-RxCocoa.debug.xcconfig */ = {isa = PBXFileReference; includeInIndex = 1; lastKnownFileType = text.xcconfig; name = "Pods-WeatherApp-RxSwift-RxCocoa.debug.xcconfig"; path = "Target Support Files/Pods-WeatherApp-RxSwift-RxCocoa/Pods-WeatherApp-RxSwift-RxCocoa.debug.xcconfig"; sourceTree = "<group>"; };
/* End PBXFileReference section */

/* Begin PBXFrameworksBuildPhase section */
		99059C5E2761E2380044957C /* Frameworks */ = {
			isa = PBXFrameworksBuildPhase;
			buildActionMask = 2147483647;
			files = (
				C58BEB15BB05D1033C5448DB /* Pods_WeatherApp_RxSwift_RxCocoa.framework in Frameworks */,
			);
			runOnlyForDeploymentPostprocessing = 0;
		};
/* End PBXFrameworksBuildPhase section */

/* Begin PBXGroup section */
		87450E1485DC84E32187B2C3 /* Pods */ = {
			isa = PBXGroup;
			children = (
				F6C912571D026E3434F9FF46 /* Pods-WeatherApp-RxSwift-RxCocoa.debug.xcconfig */,
				62296FE0F67510056FC0894A /* Pods-WeatherApp-RxSwift-RxCocoa.release.xcconfig */,
			);
			path = Pods;
			sourceTree = "<group>";
		};
		99059C582761E2380044957C = {
			isa = PBXGroup;
			children = (
				99059C632761E2380044957C /* WeatherApp-RxSwift-RxCocoa */,
				99059C622761E2380044957C /* Products */,
				87450E1485DC84E32187B2C3 /* Pods */,
				AD453773BBA3BE189753CC43 /* Frameworks */,
			);
			sourceTree = "<group>";
		};
		99059C622761E2380044957C /* Products */ = {
			isa = PBXGroup;
			children = (
				99059C612761E2380044957C /* WeatherApp-RxSwift-RxCocoa.app */,
			);
			name = Products;
			sourceTree = "<group>";
		};
		99059C632761E2380044957C /* WeatherApp-RxSwift-RxCocoa */ = {
			isa = PBXGroup;
			children = (
				99059C782761E8800044957C /* Models */,
				99059C642761E2380044957C /* AppDelegate.swift */,
				99059C662761E2380044957C /* SceneDelegate.swift */,
				99059C682761E2380044957C /* ViewController.swift */,
				99059C6A2761E2380044957C /* Main.storyboard */,
				99059C6D2761E23D0044957C /* Assets.xcassets */,
				99059C6F2761E23D0044957C /* LaunchScreen.storyboard */,
				99059C722761E23D0044957C /* Info.plist */,
			);
			path = "WeatherApp-RxSwift-RxCocoa";
			sourceTree = "<group>";
		};
		99059C782761E8800044957C /* Models */ = {
			isa = PBXGroup;
			children = (
				99059C792761E8990044957C /* WeatherResult.swift */,
			);
			path = Models;
			sourceTree = "<group>";
		};
		AD453773BBA3BE189753CC43 /* Frameworks */ = {
			isa = PBXGroup;
			children = (
				5FB0BCB6DB6BF0B8A56CD11B /* Pods_WeatherApp_RxSwift_RxCocoa.framework */,
			);
			name = Frameworks;
			sourceTree = "<group>";
		};
/* End PBXGroup section */

/* Begin PBXNativeTarget section */
		99059C602761E2380044957C /* WeatherApp-RxSwift-RxCocoa */ = {
			isa = PBXNativeTarget;
			buildConfigurationList = 99059C752761E23D0044957C /* Build configuration list for PBXNativeTarget "WeatherApp-RxSwift-RxCocoa" */;
			buildPhases = (
				514A946CABD36309265A0F24 /* [CP] Check Pods Manifest.lock */,
				99059C5D2761E2380044957C /* Sources */,
				99059C5E2761E2380044957C /* Frameworks */,
				99059C5F2761E2380044957C /* Resources */,
				14F14CE0FE70E8EDC11890E8 /* [CP] Embed Pods Frameworks */,
			);
			buildRules = (
			);
			dependencies = (
			);
			name = "WeatherApp-RxSwift-RxCocoa";
			productName = "WeatherApp-RxSwift-RxCocoa";
			productReference = 99059C612761E2380044957C /* WeatherApp-RxSwift-RxCocoa.app */;
			productType = "com.apple.product-type.application";
		};
/* End PBXNativeTarget section */

/* Begin PBXProject section */
		99059C592761E2380044957C /* Project object */ = {
			isa = PBXProject;
			attributes = {
				BuildIndependentTargetsInParallel = 1;
				LastSwiftUpdateCheck = 1310;
				LastUpgradeCheck = 1310;
				TargetAttributes = {
					99059C602761E2380044957C = {
						CreatedOnToolsVersion = 13.1;
					};
				};
			};
			buildConfigurationList = 99059C5C2761E2380044957C /* Build configuration list for PBXProject "WeatherApp-RxSwift-RxCocoa" */;
			compatibilityVersion = "Xcode 12.0";
			developmentRegion = en;
			hasScannedForEncodings = 0;
			knownRegions = (
				en,
				Base,
			);
			mainGroup = 99059C582761E2380044957C;
			productRefGroup = 99059C622761E2380044957C /* Products */;
			projectDirPath = "";
			projectRoot = "";
			targets = (
				99059C602761E2380044957C /* WeatherApp-RxSwift-RxCocoa */,
			);
		};
/* End PBXProject section */

/* Begin PBXResourcesBuildPhase section */
		99059C5F2761E2380044957C /* Resources */ = {
			isa = PBXResourcesBuildPhase;
			buildActionMask = 2147483647;
			files = (
				99059C712761E23D0044957C /* LaunchScreen.storyboard in Resources */,
				99059C6E2761E23D0044957C /* Assets.xcassets in Resources */,
				99059C6C2761E2380044957C /* Main.storyboard in Resources */,
			);
			runOnlyForDeploymentPostprocessing = 0;
		};
/* End PBXResourcesBuildPhase section */

/* Begin PBXShellScriptBuildPhase section */
		14F14CE0FE70E8EDC11890E8 /* [CP] Embed Pods Frameworks */ = {
			isa = PBXShellScriptBuildPhase;
			buildActionMask = 2147483647;
			files = (
			);
			inputFileListPaths = (
				"${PODS_ROOT}/Target Support Files/Pods-WeatherApp-RxSwift-RxCocoa/Pods-WeatherApp-RxSwift-RxCocoa-frameworks-${CONFIGURATION}-input-files.xcfilelist",
			);
			name = "[CP] Embed Pods Frameworks";
			outputFileListPaths = (
				"${PODS_ROOT}/Target Support Files/Pods-WeatherApp-RxSwift-RxCocoa/Pods-WeatherApp-RxSwift-RxCocoa-frameworks-${CONFIGURATION}-output-files.xcfilelist",
			);
			runOnlyForDeploymentPostprocessing = 0;
			shellPath = /bin/sh;
			shellScript = "\"${PODS_ROOT}/Target Support Files/Pods-WeatherApp-RxSwift-RxCocoa/Pods-WeatherApp-RxSwift-RxCocoa-frameworks.sh\"\n";
			showEnvVarsInLog = 0;
		};
		514A946CABD36309265A0F24 /* [CP] Check Pods Manifest.lock */ = {
			isa = PBXShellScriptBuildPhase;
			buildActionMask = 2147483647;
			files = (
			);
			inputFileListPaths = (
			);
			inputPaths = (
				"${PODS_PODFILE_DIR_PATH}/Podfile.lock",
				"${PODS_ROOT}/Manifest.lock",
			);
			name = "[CP] Check Pods Manifest.lock";
			outputFileListPaths = (
			);
			outputPaths = (
				"$(DERIVED_FILE_DIR)/Pods-WeatherApp-RxSwift-RxCocoa-checkManifestLockResult.txt",
			);
			runOnlyForDeploymentPostprocessing = 0;
			shellPath = /bin/sh;
			shellScript = "diff \"${PODS_PODFILE_DIR_PATH}/Podfile.lock\" \"${PODS_ROOT}/Manifest.lock\" > /dev/null\nif [ $? != 0 ] ; then\n    # print error to STDERR\n    echo \"error: The sandbox is not in sync with the Podfile.lock. Run 'pod install' or update your CocoaPods installation.\" >&2\n    exit 1\nfi\n# This output is used by Xcode 'outputs' to avoid re-running this script phase.\necho \"SUCCESS\" > \"${SCRIPT_OUTPUT_FILE_0}\"\n";
			showEnvVarsInLog = 0;
		};
/* End PBXShellScriptBuildPhase section */

/* Begin PBXSourcesBuildPhase section */
		99059C5D2761E2380044957C /* Sources */ = {
			isa = PBXSourcesBuildPhase;
			buildActionMask = 2147483647;
			files = (
				99059C692761E2380044957C /* ViewController.swift in Sources */,
				99059C7A2761E8990044957C /* WeatherResult.swift in Sources */,
				99059C652761E2380044957C /* AppDelegate.swift in Sources */,
				99059C672761E2380044957C /* SceneDelegate.swift in Sources */,
			);
			runOnlyForDeploymentPostprocessing = 0;
		};
/* End PBXSourcesBuildPhase section */

/* Begin PBXVariantGroup section */
		99059C6A2761E2380044957C /* Main.storyboard */ = {
			isa = PBXVariantGroup;
			children = (
				99059C6B2761E2380044957C /* Base */,
			);
			name = Main.storyboard;
			sourceTree = "<group>";
		};
		99059C6F2761E23D0044957C /* LaunchScreen.storyboard */ = {
			isa = PBXVariantGroup;
			children = (
				99059C702761E23D0044957C /* Base */,
			);
			name = LaunchScreen.storyboard;
			sourceTree = "<group>";
		};
/* End PBXVariantGroup section */

/* Begin XCBuildConfiguration section */
		99059C732761E23D0044957C /* Debug */ = {
			isa = XCBuildConfiguration;
			buildSettings = {
				ALWAYS_SEARCH_USER_PATHS = NO;
				CLANG_ANALYZER_NONNULL = YES;
				CLANG_ANALYZER_NUMBER_OBJECT_CONVERSION = YES_AGGRESSIVE;
				CLANG_CXX_LANGUAGE_STANDARD = "gnu++17";
				CLANG_CXX_LIBRARY = "libc++";
				CLANG_ENABLE_MODULES = YES;
				CLANG_ENABLE_OBJC_ARC = YES;
				CLANG_ENABLE_OBJC_WEAK = YES;
				CLANG_WARN_BLOCK_CAPTURE_AUTORELEASING = YES;
				CLANG_WARN_BOOL_CONVERSION = YES;
				CLANG_WARN_COMMA = YES;
				CLANG_WARN_CONSTANT_CONVERSION = YES;
				CLANG_WARN_DEPRECATED_OBJC_IMPLEMENTATIONS = YES;
				CLANG_WARN_DIRECT_OBJC_ISA_USAGE = YES_ERROR;
				CLANG_WARN_DOCUMENTATION_COMMENTS = YES;
				CLANG_WARN_EMPTY_BODY = YES;
				CLANG_WARN_ENUM_CONVERSION = YES;
				CLANG_WARN_INFINITE_RECURSION = YES;
				CLANG_WARN_INT_CONVERSION = YES;
				CLANG_WARN_NON_LITERAL_NULL_CONVERSION = YES;
				CLANG_WARN_OBJC_IMPLICIT_RETAIN_SELF = YES;
				CLANG_WARN_OBJC_LITERAL_CONVERSION = YES;
				CLANG_WARN_OBJC_ROOT_CLASS = YES_ERROR;
				CLANG_WARN_QUOTED_INCLUDE_IN_FRAMEWORK_HEADER = YES;
				CLANG_WARN_RANGE_LOOP_ANALYSIS = YES;
				CLANG_WARN_STRICT_PROTOTYPES = YES;
				CLANG_WARN_SUSPICIOUS_MOVE = YES;
				CLANG_WARN_UNGUARDED_AVAILABILITY = YES_AGGRESSIVE;
				CLANG_WARN_UNREACHABLE_CODE = YES;
				CLANG_WARN__DUPLICATE_METHOD_MATCH = YES;
				COPY_PHASE_STRIP = NO;
				DEBUG_INFORMATION_FORMAT = dwarf;
				ENABLE_STRICT_OBJC_MSGSEND = YES;
				ENABLE_TESTABILITY = YES;
				GCC_C_LANGUAGE_STANDARD = gnu11;
				GCC_DYNAMIC_NO_PIC = NO;
				GCC_NO_COMMON_BLOCKS = YES;
				GCC_OPTIMIZATION_LEVEL = 0;
				GCC_PREPROCESSOR_DEFINITIONS = (
					"DEBUG=1",
					"$(inherited)",
				);
				GCC_WARN_64_TO_32_BIT_CONVERSION = YES;
				GCC_WARN_ABOUT_RETURN_TYPE = YES_ERROR;
				GCC_WARN_UNDECLARED_SELECTOR = YES;
				GCC_WARN_UNINITIALIZED_AUTOS = YES_AGGRESSIVE;
				GCC_WARN_UNUSED_FUNCTION = YES;
				GCC_WARN_UNUSED_VARIABLE = YES;
				IPHONEOS_DEPLOYMENT_TARGET = 15.0;
				MTL_ENABLE_DEBUG_INFO = INCLUDE_SOURCE;
				MTL_FAST_MATH = YES;
				ONLY_ACTIVE_ARCH = YES;
				SDKROOT = iphoneos;
				SWIFT_ACTIVE_COMPILATION_CONDITIONS = DEBUG;
				SWIFT_OPTIMIZATION_LEVEL = "-Onone";
			};
			name = Debug;
		};
		99059C742761E23D0044957C /* Release */ = {
			isa = XCBuildConfiguration;
			buildSettings = {
				ALWAYS_SEARCH_USER_PATHS = NO;
				CLANG_ANALYZER_NONNULL = YES;
				CLANG_ANALYZER_NUMBER_OBJECT_CONVERSION = YES_AGGRESSIVE;
				CLANG_CXX_LANGUAGE_STANDARD = "gnu++17";
				CLANG_CXX_LIBRARY = "libc++";
				CLANG_ENABLE_MODULES = YES;
				CLANG_ENABLE_OBJC_ARC = YES;
				CLANG_ENABLE_OBJC_WEAK = YES;
				CLANG_WARN_BLOCK_CAPTURE_AUTORELEASING = YES;
				CLANG_WARN_BOOL_CONVERSION = YES;
				CLANG_WARN_COMMA = YES;
				CLANG_WARN_CONSTANT_CONVERSION = YES;
				CLANG_WARN_DEPRECATED_OBJC_IMPLEMENTATIONS = YES;
				CLANG_WARN_DIRECT_OBJC_ISA_USAGE = YES_ERROR;
				CLANG_WARN_DOCUMENTATION_COMMENTS = YES;
				CLANG_WARN_EMPTY_BODY = YES;
				CLANG_WARN_ENUM_CONVERSION = YES;
				CLANG_WARN_INFINITE_RECURSION = YES;
				CLANG_WARN_INT_CONVERSION = YES;
				CLANG_WARN_NON_LITERAL_NULL_CONVERSION = YES;
				CLANG_WARN_OBJC_IMPLICIT_RETAIN_SELF = YES;
				CLANG_WARN_OBJC_LITERAL_CONVERSION = YES;
				CLANG_WARN_OBJC_ROOT_CLASS = YES_ERROR;
				CLANG_WARN_QUOTED_INCLUDE_IN_FRAMEWORK_HEADER = YES;
				CLANG_WARN_RANGE_LOOP_ANALYSIS = YES;
				CLANG_WARN_STRICT_PROTOTYPES = YES;
				CLANG_WARN_SUSPICIOUS_MOVE = YES;
				CLANG_WARN_UNGUARDED_AVAILABILITY = YES_AGGRESSIVE;
				CLANG_WARN_UNREACHABLE_CODE = YES;
				CLANG_WARN__DUPLICATE_METHOD_MATCH = YES;
				COPY_PHASE_STRIP = NO;
				DEBUG_INFORMATION_FORMAT = "dwarf-with-dsym";
				ENABLE_NS_ASSERTIONS = NO;
				ENABLE_STRICT_OBJC_MSGSEND = YES;
				GCC_C_LANGUAGE_STANDARD = gnu11;
				GCC_NO_COMMON_BLOCKS = YES;
				GCC_WARN_64_TO_32_BIT_CONVERSION = YES;
				GCC_WARN_ABOUT_RETURN_TYPE = YES_ERROR;
				GCC_WARN_UNDECLARED_SELECTOR = YES;
				GCC_WARN_UNINITIALIZED_AUTOS = YES_AGGRESSIVE;
				GCC_WARN_UNUSED_FUNCTION = YES;
				GCC_WARN_UNUSED_VARIABLE = YES;
				IPHONEOS_DEPLOYMENT_TARGET = 15.0;
				MTL_ENABLE_DEBUG_INFO = NO;
				MTL_FAST_MATH = YES;
				SDKROOT = iphoneos;
				SWIFT_COMPILATION_MODE = wholemodule;
				SWIFT_OPTIMIZATION_LEVEL = "-O";
				VALIDATE_PRODUCT = YES;
			};
			name = Release;
		};
		99059C762761E23D0044957C /* Debug */ = {
			isa = XCBuildConfiguration;
			baseConfigurationReference = F6C912571D026E3434F9FF46 /* Pods-WeatherApp-RxSwift-RxCocoa.debug.xcconfig */;
			buildSettings = {
				ASSETCATALOG_COMPILER_APPICON_NAME = AppIcon;
				ASSETCATALOG_COMPILER_GLOBAL_ACCENT_COLOR_NAME = AccentColor;
				CODE_SIGN_STYLE = Automatic;
				CURRENT_PROJECT_VERSION = 1;
				DEVELOPMENT_TEAM = 4KX39VZ9JG;
				GENERATE_INFOPLIST_FILE = YES;
				INFOPLIST_FILE = "WeatherApp-RxSwift-RxCocoa/Info.plist";
				INFOPLIST_KEY_UIApplicationSupportsIndirectInputEvents = YES;
				INFOPLIST_KEY_UILaunchStoryboardName = LaunchScreen;
				INFOPLIST_KEY_UIMainStoryboardFile = Main;
				INFOPLIST_KEY_UISupportedInterfaceOrientations_iPad = "UIInterfaceOrientationPortrait UIInterfaceOrientationPortraitUpsideDown UIInterfaceOrientationLandscapeLeft UIInterfaceOrientationLandscapeRight";
				INFOPLIST_KEY_UISupportedInterfaceOrientations_iPhone = "UIInterfaceOrientationPortrait UIInterfaceOrientationLandscapeLeft UIInterfaceOrientationLandscapeRight";
				LD_RUNPATH_SEARCH_PATHS = (
					"$(inherited)",
					"@executable_path/Frameworks",
				);
				MARKETING_VERSION = 1.0;
				PRODUCT_BUNDLE_IDENTIFIER = "Toshiki-Yanagimoto.WeatherApp-RxSwift-RxCocoa";
				PRODUCT_NAME = "$(TARGET_NAME)";
				SWIFT_EMIT_LOC_STRINGS = YES;
				SWIFT_VERSION = 5.0;
				TARGETED_DEVICE_FAMILY = "1,2";
			};
			name = Debug;
		};
		99059C772761E23D0044957C /* Release */ = {
			isa = XCBuildConfiguration;
			baseConfigurationReference = 62296FE0F67510056FC0894A /* Pods-WeatherApp-RxSwift-RxCocoa.release.xcconfig */;
			buildSettings = {
				ASSETCATALOG_COMPILER_APPICON_NAME = AppIcon;
				ASSETCATALOG_COMPILER_GLOBAL_ACCENT_COLOR_NAME = AccentColor;
				CODE_SIGN_STYLE = Automatic;
				CURRENT_PROJECT_VERSION = 1;
				DEVELOPMENT_TEAM = 4KX39VZ9JG;
				GENERATE_INFOPLIST_FILE = YES;
				INFOPLIST_FILE = "WeatherApp-RxSwift-RxCocoa/Info.plist";
				INFOPLIST_KEY_UIApplicationSupportsIndirectInputEvents = YES;
				INFOPLIST_KEY_UILaunchStoryboardName = LaunchScreen;
				INFOPLIST_KEY_UIMainStoryboardFile = Main;
				INFOPLIST_KEY_UISupportedInterfaceOrientations_iPad = "UIInterfaceOrientationPortrait UIInterfaceOrientationPortraitUpsideDown UIInterfaceOrientationLandscapeLeft UIInterfaceOrientationLandscapeRight";
				INFOPLIST_KEY_UISupportedInterfaceOrientations_iPhone = "UIInterfaceOrientationPortrait UIInterfaceOrientationLandscapeLeft UIInterfaceOrientationLandscapeRight";
				LD_RUNPATH_SEARCH_PATHS = (
					"$(inherited)",
					"@executable_path/Frameworks",
				);
				MARKETING_VERSION = 1.0;
				PRODUCT_BUNDLE_IDENTIFIER = "Toshiki-Yanagimoto.WeatherApp-RxSwift-RxCocoa";
				PRODUCT_NAME = "$(TARGET_NAME)";
				SWIFT_EMIT_LOC_STRINGS = YES;
				SWIFT_VERSION = 5.0;
				TARGETED_DEVICE_FAMILY = "1,2";
			};
			name = Release;
		};
/* End XCBuildConfiguration section */

/* Begin XCConfigurationList section */
		99059C5C2761E2380044957C /* Build configuration list for PBXProject "WeatherApp-RxSwift-RxCocoa" */ = {
			isa = XCConfigurationList;
			buildConfigurations = (
				99059C732761E23D0044957C /* Debug */,
				99059C742761E23D0044957C /* Release */,
			);
			defaultConfigurationIsVisible = 0;
			defaultConfigurationName = Release;
		};
		99059C752761E23D0044957C /* Build configuration list for PBXNativeTarget "WeatherApp-RxSwift-RxCocoa" */ = {
			isa = XCConfigurationList;
			buildConfigurations = (
				99059C762761E23D0044957C /* Debug */,
				99059C772761E23D0044957C /* Release */,
			);
			defaultConfigurationIsVisible = 0;
			defaultConfigurationName = Release;
		};
/* End XCConfigurationList section */
	};
	rootObject = 99059C592761E2380044957C /* Project object */;
}
